
Microsoft Visual Studio Solution File, Format Version 12.00
# Visual Studio Version 17
VisualStudioVersion = 17.11.35312.102
MinimumVisualStudioVersion = 10.0.40219.1
Project("{FAE04EC0-301F-11D3-BF4B-00C04F79EFBC}") = "booksBot", "booksBot.csproj", "{5A30F194-936B-4069-8C48-C8951B1B511E}"
EndProject
Global
	GlobalSection(SolutionConfigurationPlatforms) = preSolution
		Debug|Any CPU = Debug|Any CPU
		Release|Any CPU = Release|Any CPU
	EndGlobalSection
	GlobalSection(ProjectConfigurationPlatforms) = postSolution
		{5A30F194-936B-4069-8C48-C8951B1B511E}.Debug|Any CPU.ActiveCfg = Debug|Any CPU
		{5A30F194-936B-4069-8C48-C8951B1B511E}.Debug|Any CPU.Build.0 = Debug|Any CPU
		{5A30F194-936B-4069-8C48-C8951B1B511E}.Release|Any CPU.ActiveCfg = Release|Any CPU
		{5A30F194-936B-4069-8C48-C8951B1B511E}.Release|Any CPU.Build.0 = Release|Any CPU
	EndGlobalSection
	GlobalSection(SolutionProperties) = preSolution
		HideSolutionNode = FALSE
	EndGlobalSection
	GlobalSection(ExtensibilityGlobals) = postSolution
		SolutionGuid = {9D55E286-E5A0-4FFB-92E7-BEA6D9AB1528}
	EndGlobalSection
EndGlobal
